// !$*UTF8*$!
{
	archiveVersion = 1;
	classes = {
	};
	objectVersion = 46;
	objects = {

/* Begin PBXBuildFile section */
		F437B5131A5C0A43003FE376 /* WorkoutCache.swift in Sources */ = {isa = PBXBuildFile; fileRef = F437B5121A5C0A43003FE376 /* WorkoutCache.swift */; };
		F437B5171A5C0D27003FE376 /* WorkoutExercisesTableViewCell.swift in Sources */ = {isa = PBXBuildFile; fileRef = F437B5161A5C0D27003FE376 /* WorkoutExercisesTableViewCell.swift */; };
		F437B5191A5C138D003FE376 /* WorkoutExercisesViewController.swift in Sources */ = {isa = PBXBuildFile; fileRef = F437B5181A5C138D003FE376 /* WorkoutExercisesViewController.swift */; };
		F44866401A515AD8007CF17A /* LoginViewController.swift in Sources */ = {isa = PBXBuildFile; fileRef = F448663F1A515AD8007CF17A /* LoginViewController.swift */; };
		F44866421A515CA1007CF17A /* GymDBAPI.swift in Sources */ = {isa = PBXBuildFile; fileRef = F44866411A515CA1007CF17A /* GymDBAPI.swift */; };
		F44866441A515D5C007CF17A /* GymDBAPIResponse.swift in Sources */ = {isa = PBXBuildFile; fileRef = F44866431A515D5C007CF17A /* GymDBAPIResponse.swift */; };
		F44F1A2E1A56A656005501EC /* WorkoutViewController.swift in Sources */ = {isa = PBXBuildFile; fileRef = F44F1A2D1A56A656005501EC /* WorkoutViewController.swift */; };
		F45D94241A48631700491760 /* WorkoutExercise.swift in Sources */ = {isa = PBXBuildFile; fileRef = F45D94231A48631700491760 /* WorkoutExercise.swift */; };
		F45F8B0C1A494CD8008C0A2B /* WorkoutProtocol.swift in Sources */ = {isa = PBXBuildFile; fileRef = F45F8B0B1A494CD8008C0A2B /* WorkoutProtocol.swift */; };
		F45F8B0E1A4958F1008C0A2B /* WorkoutRecord.swift in Sources */ = {isa = PBXBuildFile; fileRef = F45F8B0D1A4958F1008C0A2B /* WorkoutRecord.swift */; };
		F46AB9E01A540EAC001EF14B /* UserProtocol.swift in Sources */ = {isa = PBXBuildFile; fileRef = F46AB9DF1A540EAC001EF14B /* UserProtocol.swift */; };
		F46AB9E21A540ED2001EF14B /* User.swift in Sources */ = {isa = PBXBuildFile; fileRef = F46AB9E11A540ED2001EF14B /* User.swift */; };
		F46BA7EA1A481B0D003D7C8E /* AppDelegate.swift in Sources */ = {isa = PBXBuildFile; fileRef = F46BA7E91A481B0D003D7C8E /* AppDelegate.swift */; };
		F46BA7EC1A481B0D003D7C8E /* MasterViewController.swift in Sources */ = {isa = PBXBuildFile; fileRef = F46BA7EB1A481B0D003D7C8E /* MasterViewController.swift */; };
		F46BA7F11A481B0D003D7C8E /* Main.storyboard in Resources */ = {isa = PBXBuildFile; fileRef = F46BA7EF1A481B0D003D7C8E /* Main.storyboard */; };
		F46BA7F31A481B0D003D7C8E /* Images.xcassets in Resources */ = {isa = PBXBuildFile; fileRef = F46BA7F21A481B0D003D7C8E /* Images.xcassets */; };
		F46BA7F61A481B0D003D7C8E /* LaunchScreen.xib in Resources */ = {isa = PBXBuildFile; fileRef = F46BA7F41A481B0D003D7C8E /* LaunchScreen.xib */; };
		F46BA8021A481B0D003D7C8E /* GymDBTests.swift in Sources */ = {isa = PBXBuildFile; fileRef = F46BA8011A481B0D003D7C8E /* GymDBTests.swift */; };
		F46BA80C1A481B4F003D7C8E /* WorkoutExerciseSet.swift in Sources */ = {isa = PBXBuildFile; fileRef = F46BA80B1A481B4F003D7C8E /* WorkoutExerciseSet.swift */; };
		F46BA80E1A481C07003D7C8E /* Enums.swift in Sources */ = {isa = PBXBuildFile; fileRef = F46BA80D1A481C07003D7C8E /* Enums.swift */; };
		F4C7D5461A48752B0037510D /* Workout.swift in Sources */ = {isa = PBXBuildFile; fileRef = F4C7D5451A48752B0037510D /* Workout.swift */; };
		F4F044401A51B380001A09D2 /* UserAccountViewController.swift in Sources */ = {isa = PBXBuildFile; fileRef = F4F0443F1A51B380001A09D2 /* UserAccountViewController.swift */; };
		F4FF5BFE1A5A9EBD00A59967 /* WorkoutRecordViewController.swift in Sources */ = {isa = PBXBuildFile; fileRef = F4FF5BFD1A5A9EBD00A59967 /* WorkoutRecordViewController.swift */; };
/* End PBXBuildFile section */

/* Begin PBXContainerItemProxy section */
		F46BA7FC1A481B0D003D7C8E /* PBXContainerItemProxy */ = {
			isa = PBXContainerItemProxy;
			containerPortal = F46BA7DC1A481B0D003D7C8E /* Project object */;
			proxyType = 1;
			remoteGlobalIDString = F46BA7E31A481B0D003D7C8E;
			remoteInfo = GymDB;
		};
/* End PBXContainerItemProxy section */

/* Begin PBXFileReference section */
		F437B5121A5C0A43003FE376 /* WorkoutCache.swift */ = {isa = PBXFileReference; fileEncoding = 4; lastKnownFileType = sourcecode.swift; path = WorkoutCache.swift; sourceTree = "<group>"; };
		F437B5161A5C0D27003FE376 /* WorkoutExercisesTableViewCell.swift */ = {isa = PBXFileReference; fileEncoding = 4; lastKnownFileType = sourcecode.swift; path = WorkoutExercisesTableViewCell.swift; sourceTree = "<group>"; };
		F437B5181A5C138D003FE376 /* WorkoutExercisesViewController.swift */ = {isa = PBXFileReference; fileEncoding = 4; lastKnownFileType = sourcecode.swift; path = WorkoutExercisesViewController.swift; sourceTree = "<group>"; };
		F448663F1A515AD8007CF17A /* LoginViewController.swift */ = {isa = PBXFileReference; fileEncoding = 4; lastKnownFileType = sourcecode.swift; path = LoginViewController.swift; sourceTree = "<group>"; };
		F44866411A515CA1007CF17A /* GymDBAPI.swift */ = {isa = PBXFileReference; fileEncoding = 4; lastKnownFileType = sourcecode.swift; path = GymDBAPI.swift; sourceTree = "<group>"; };
		F44866431A515D5C007CF17A /* GymDBAPIResponse.swift */ = {isa = PBXFileReference; fileEncoding = 4; lastKnownFileType = sourcecode.swift; path = GymDBAPIResponse.swift; sourceTree = "<group>"; };
		F44F1A2D1A56A656005501EC /* WorkoutViewController.swift */ = {isa = PBXFileReference; fileEncoding = 4; lastKnownFileType = sourcecode.swift; path = WorkoutViewController.swift; sourceTree = "<group>"; };
		F45D94231A48631700491760 /* WorkoutExercise.swift */ = {isa = PBXFileReference; fileEncoding = 4; lastKnownFileType = sourcecode.swift; path = WorkoutExercise.swift; sourceTree = "<group>"; };
		F45F8B0B1A494CD8008C0A2B /* WorkoutProtocol.swift */ = {isa = PBXFileReference; fileEncoding = 4; lastKnownFileType = sourcecode.swift; path = WorkoutProtocol.swift; sourceTree = "<group>"; };
		F45F8B0D1A4958F1008C0A2B /* WorkoutRecord.swift */ = {isa = PBXFileReference; fileEncoding = 4; lastKnownFileType = sourcecode.swift; path = WorkoutRecord.swift; sourceTree = "<group>"; };
		F46AB9DF1A540EAC001EF14B /* UserProtocol.swift */ = {isa = PBXFileReference; fileEncoding = 4; lastKnownFileType = sourcecode.swift; path = UserProtocol.swift; sourceTree = "<group>"; };
		F46AB9E11A540ED2001EF14B /* User.swift */ = {isa = PBXFileReference; fileEncoding = 4; lastKnownFileType = sourcecode.swift; path = User.swift; sourceTree = "<group>"; };
		F46BA7E41A481B0D003D7C8E /* GymDB.app */ = {isa = PBXFileReference; explicitFileType = wrapper.application; includeInIndex = 0; path = GymDB.app; sourceTree = BUILT_PRODUCTS_DIR; };
		F46BA7E81A481B0D003D7C8E /* Info.plist */ = {isa = PBXFileReference; lastKnownFileType = text.plist.xml; path = Info.plist; sourceTree = "<group>"; };
		F46BA7E91A481B0D003D7C8E /* AppDelegate.swift */ = {isa = PBXFileReference; lastKnownFileType = sourcecode.swift; path = AppDelegate.swift; sourceTree = "<group>"; };
		F46BA7EB1A481B0D003D7C8E /* MasterViewController.swift */ = {isa = PBXFileReference; lastKnownFileType = sourcecode.swift; path = MasterViewController.swift; sourceTree = "<group>"; };
		F46BA7F01A481B0D003D7C8E /* Base */ = {isa = PBXFileReference; lastKnownFileType = file.storyboard; name = Base; path = Base.lproj/Main.storyboard; sourceTree = "<group>"; };
		F46BA7F21A481B0D003D7C8E /* Images.xcassets */ = {isa = PBXFileReference; lastKnownFileType = folder.assetcatalog; path = Images.xcassets; sourceTree = "<group>"; };
		F46BA7F51A481B0D003D7C8E /* Base */ = {isa = PBXFileReference; lastKnownFileType = file.xib; name = Base; path = Base.lproj/LaunchScreen.xib; sourceTree = "<group>"; };
		F46BA7FB1A481B0D003D7C8E /* GymDBTests.xctest */ = {isa = PBXFileReference; explicitFileType = wrapper.cfbundle; includeInIndex = 0; path = GymDBTests.xctest; sourceTree = BUILT_PRODUCTS_DIR; };
		F46BA8001A481B0D003D7C8E /* Info.plist */ = {isa = PBXFileReference; lastKnownFileType = text.plist.xml; path = Info.plist; sourceTree = "<group>"; };
		F46BA8011A481B0D003D7C8E /* GymDBTests.swift */ = {isa = PBXFileReference; lastKnownFileType = sourcecode.swift; path = GymDBTests.swift; sourceTree = "<group>"; };
		F46BA80B1A481B4F003D7C8E /* WorkoutExerciseSet.swift */ = {isa = PBXFileReference; fileEncoding = 4; lastKnownFileType = sourcecode.swift; path = WorkoutExerciseSet.swift; sourceTree = "<group>"; };
		F46BA80D1A481C07003D7C8E /* Enums.swift */ = {isa = PBXFileReference; fileEncoding = 4; lastKnownFileType = sourcecode.swift; path = Enums.swift; sourceTree = "<group>"; };
		F4C7D5451A48752B0037510D /* Workout.swift */ = {isa = PBXFileReference; fileEncoding = 4; lastKnownFileType = sourcecode.swift; path = Workout.swift; sourceTree = "<group>"; };
		F4F0443F1A51B380001A09D2 /* UserAccountViewController.swift */ = {isa = PBXFileReference; fileEncoding = 4; lastKnownFileType = sourcecode.swift; path = UserAccountViewController.swift; sourceTree = "<group>"; };
		F4FF5BFD1A5A9EBD00A59967 /* WorkoutRecordViewController.swift */ = {isa = PBXFileReference; fileEncoding = 4; lastKnownFileType = sourcecode.swift; path = WorkoutRecordViewController.swift; sourceTree = "<group>"; };
/* End PBXFileReference section */

/* Begin PBXFrameworksBuildPhase section */
		F46BA7E11A481B0D003D7C8E /* Frameworks */ = {
			isa = PBXFrameworksBuildPhase;
			buildActionMask = 2147483647;
			files = (
			);
			runOnlyForDeploymentPostprocessing = 0;
		};
		F46BA7F81A481B0D003D7C8E /* Frameworks */ = {
			isa = PBXFrameworksBuildPhase;
			buildActionMask = 2147483647;
			files = (
			);
			runOnlyForDeploymentPostprocessing = 0;
		};
/* End PBXFrameworksBuildPhase section */

/* Begin PBXGroup section */
		F46BA7DB1A481B0D003D7C8E = {
			isa = PBXGroup;
			children = (
				F46BA7E61A481B0D003D7C8E /* GymDB */,
				F46BA7FE1A481B0D003D7C8E /* GymDBTests */,
				F46BA7E51A481B0D003D7C8E /* Products */,
			);
			sourceTree = "<group>";
		};
		F46BA7E51A481B0D003D7C8E /* Products */ = {
			isa = PBXGroup;
			children = (
				F46BA7E41A481B0D003D7C8E /* GymDB.app */,
				F46BA7FB1A481B0D003D7C8E /* GymDBTests.xctest */,
			);
			name = Products;
			sourceTree = "<group>";
		};
		F46BA7E61A481B0D003D7C8E /* GymDB */ = {
			isa = PBXGroup;
			children = (
				F46BA7E91A481B0D003D7C8E /* AppDelegate.swift */,
				F46BA80D1A481C07003D7C8E /* Enums.swift */,
				F44866411A515CA1007CF17A /* GymDBAPI.swift */,
				F44866431A515D5C007CF17A /* GymDBAPIResponse.swift */,
				F448663F1A515AD8007CF17A /* LoginViewController.swift */,
				F46BA7EB1A481B0D003D7C8E /* MasterViewController.swift */,
				F46AB9E11A540ED2001EF14B /* User.swift */,
				F4F0443F1A51B380001A09D2 /* UserAccountViewController.swift */,
				F46AB9DF1A540EAC001EF14B /* UserProtocol.swift */,
				F4C7D5451A48752B0037510D /* Workout.swift */,
				F437B5121A5C0A43003FE376 /* WorkoutCache.swift */,
				F45D94231A48631700491760 /* WorkoutExercise.swift */,
				F46BA80B1A481B4F003D7C8E /* WorkoutExerciseSet.swift */,
				F437B5161A5C0D27003FE376 /* WorkoutExercisesTableViewCell.swift */,
				F437B5181A5C138D003FE376 /* WorkoutExercisesViewController.swift */,
				F45F8B0B1A494CD8008C0A2B /* WorkoutProtocol.swift */,
				F45F8B0D1A4958F1008C0A2B /* WorkoutRecord.swift */,
				F4FF5BFD1A5A9EBD00A59967 /* WorkoutRecordViewController.swift */,
				F44F1A2D1A56A656005501EC /* WorkoutViewController.swift */,
				F46BA7F21A481B0D003D7C8E /* Images.xcassets */,
				F46BA7F41A481B0D003D7C8E /* LaunchScreen.xib */,
				F46BA7EF1A481B0D003D7C8E /* Main.storyboard */,
				F46BA7E71A481B0D003D7C8E /* Supporting Files */,
			);
			path = GymDB;
			sourceTree = "<group>";
		};
		F46BA7E71A481B0D003D7C8E /* Supporting Files */ = {
			isa = PBXGroup;
			children = (
				F46BA7E81A481B0D003D7C8E /* Info.plist */,
			);
			name = "Supporting Files";
			sourceTree = "<group>";
		};
		F46BA7FE1A481B0D003D7C8E /* GymDBTests */ = {
			isa = PBXGroup;
			children = (
				F46BA8011A481B0D003D7C8E /* GymDBTests.swift */,
				F46BA7FF1A481B0D003D7C8E /* Supporting Files */,
			);
			path = GymDBTests;
			sourceTree = "<group>";
		};
		F46BA7FF1A481B0D003D7C8E /* Supporting Files */ = {
			isa = PBXGroup;
			children = (
				F46BA8001A481B0D003D7C8E /* Info.plist */,
			);
			name = "Supporting Files";
			sourceTree = "<group>";
		};
/* End PBXGroup section */

/* Begin PBXNativeTarget section */
		F46BA7E31A481B0D003D7C8E /* GymDB */ = {
			isa = PBXNativeTarget;
			buildConfigurationList = F46BA8051A481B0D003D7C8E /* Build configuration list for PBXNativeTarget "GymDB" */;
			buildPhases = (
				F46BA7E01A481B0D003D7C8E /* Sources */,
				F46BA7E11A481B0D003D7C8E /* Frameworks */,
				F46BA7E21A481B0D003D7C8E /* Resources */,
			);
			buildRules = (
			);
			dependencies = (
			);
			name = GymDB;
			productName = GymDB;
			productReference = F46BA7E41A481B0D003D7C8E /* GymDB.app */;
			productType = "com.apple.product-type.application";
		};
		F46BA7FA1A481B0D003D7C8E /* GymDBTests */ = {
			isa = PBXNativeTarget;
			buildConfigurationList = F46BA8081A481B0D003D7C8E /* Build configuration list for PBXNativeTarget "GymDBTests" */;
			buildPhases = (
				F46BA7F71A481B0D003D7C8E /* Sources */,
				F46BA7F81A481B0D003D7C8E /* Frameworks */,
				F46BA7F91A481B0D003D7C8E /* Resources */,
			);
			buildRules = (
			);
			dependencies = (
				F46BA7FD1A481B0D003D7C8E /* PBXTargetDependency */,
			);
			name = GymDBTests;
			productName = GymDBTests;
			productReference = F46BA7FB1A481B0D003D7C8E /* GymDBTests.xctest */;
			productType = "com.apple.product-type.bundle.unit-test";
		};
/* End PBXNativeTarget section */

/* Begin PBXProject section */
		F46BA7DC1A481B0D003D7C8E /* Project object */ = {
			isa = PBXProject;
			attributes = {
				LastUpgradeCheck = 0610;
				ORGANIZATIONNAME = "Jarkko Hyvärinen";
				TargetAttributes = {
					F46BA7E31A481B0D003D7C8E = {
						CreatedOnToolsVersion = 6.1.1;
					};
					F46BA7FA1A481B0D003D7C8E = {
						CreatedOnToolsVersion = 6.1.1;
						TestTargetID = F46BA7E31A481B0D003D7C8E;
					};
				};
			};
			buildConfigurationList = F46BA7DF1A481B0D003D7C8E /* Build configuration list for PBXProject "GymDB" */;
			compatibilityVersion = "Xcode 3.2";
			developmentRegion = English;
			hasScannedForEncodings = 0;
			knownRegions = (
				en,
				Base,
			);
			mainGroup = F46BA7DB1A481B0D003D7C8E;
			productRefGroup = F46BA7E51A481B0D003D7C8E /* Products */;
			projectDirPath = "";
			projectRoot = "";
			targets = (
				F46BA7E31A481B0D003D7C8E /* GymDB */,
				F46BA7FA1A481B0D003D7C8E /* GymDBTests */,
			);
		};
/* End PBXProject section */

/* Begin PBXResourcesBuildPhase section */
		F46BA7E21A481B0D003D7C8E /* Resources */ = {
			isa = PBXResourcesBuildPhase;
			buildActionMask = 2147483647;
			files = (
				F46BA7F11A481B0D003D7C8E /* Main.storyboard in Resources */,
				F46BA7F61A481B0D003D7C8E /* LaunchScreen.xib in Resources */,
				F46BA7F31A481B0D003D7C8E /* Images.xcassets in Resources */,
			);
			runOnlyForDeploymentPostprocessing = 0;
		};
		F46BA7F91A481B0D003D7C8E /* Resources */ = {
			isa = PBXResourcesBuildPhase;
			buildActionMask = 2147483647;
			files = (
			);
			runOnlyForDeploymentPostprocessing = 0;
		};
/* End PBXResourcesBuildPhase section */

/* Begin PBXSourcesBuildPhase section */
		F46BA7E01A481B0D003D7C8E /* Sources */ = {
			isa = PBXSourcesBuildPhase;
			buildActionMask = 2147483647;
			files = (
				F44866421A515CA1007CF17A /* GymDBAPI.swift in Sources */,
				F46BA7EC1A481B0D003D7C8E /* MasterViewController.swift in Sources */,
				F4C7D5461A48752B0037510D /* Workout.swift in Sources */,
				F45D94241A48631700491760 /* WorkoutExercise.swift in Sources */,
				F45F8B0C1A494CD8008C0A2B /* WorkoutProtocol.swift in Sources */,
				F437B5171A5C0D27003FE376 /* WorkoutExercisesTableViewCell.swift in Sources */,
				F4F044401A51B380001A09D2 /* UserAccountViewController.swift in Sources */,
				F46AB9E21A540ED2001EF14B /* User.swift in Sources */,
				F46BA80E1A481C07003D7C8E /* Enums.swift in Sources */,
				F46BA80C1A481B4F003D7C8E /* WorkoutExerciseSet.swift in Sources */,
				F46AB9E01A540EAC001EF14B /* UserProtocol.swift in Sources */,
				F437B5191A5C138D003FE376 /* WorkoutExercisesViewController.swift in Sources */,
				F45F8B0E1A4958F1008C0A2B /* WorkoutRecord.swift in Sources */,
				F44866441A515D5C007CF17A /* GymDBAPIResponse.swift in Sources */,
				F437B5131A5C0A43003FE376 /* WorkoutCache.swift in Sources */,
				F44F1A2E1A56A656005501EC /* WorkoutViewController.swift in Sources */,
				F46BA7EA1A481B0D003D7C8E /* AppDelegate.swift in Sources */,
				F44866401A515AD8007CF17A /* LoginViewController.swift in Sources */,
				F4FF5BFE1A5A9EBD00A59967 /* WorkoutRecordViewController.swift in Sources */,
			);
			runOnlyForDeploymentPostprocessing = 0;
		};
		F46BA7F71A481B0D003D7C8E /* Sources */ = {
			isa = PBXSourcesBuildPhase;
			buildActionMask = 2147483647;
			files = (
				F46BA8021A481B0D003D7C8E /* GymDBTests.swift in Sources */,
			);
			runOnlyForDeploymentPostprocessing = 0;
		};
/* End PBXSourcesBuildPhase section */

/* Begin PBXTargetDependency section */
		F46BA7FD1A481B0D003D7C8E /* PBXTargetDependency */ = {
			isa = PBXTargetDependency;
			target = F46BA7E31A481B0D003D7C8E /* GymDB */;
			targetProxy = F46BA7FC1A481B0D003D7C8E /* PBXContainerItemProxy */;
		};
/* End PBXTargetDependency section */

/* Begin PBXVariantGroup section */
		F46BA7EF1A481B0D003D7C8E /* Main.storyboard */ = {
			isa = PBXVariantGroup;
			children = (
				F46BA7F01A481B0D003D7C8E /* Base */,
			);
			name = Main.storyboard;
			sourceTree = "<group>";
		};
		F46BA7F41A481B0D003D7C8E /* LaunchScreen.xib */ = {
			isa = PBXVariantGroup;
			children = (
				F46BA7F51A481B0D003D7C8E /* Base */,
			);
			name = LaunchScreen.xib;
			sourceTree = "<group>";
		};
/* End PBXVariantGroup section */

/* Begin XCBuildConfiguration section */
		F46BA8031A481B0D003D7C8E /* Debug */ = {
			isa = XCBuildConfiguration;
			buildSettings = {
				ALWAYS_SEARCH_USER_PATHS = NO;
				CLANG_CXX_LANGUAGE_STANDARD = "gnu++0x";
				CLANG_CXX_LIBRARY = "libc++";
				CLANG_ENABLE_MODULES = YES;
				CLANG_ENABLE_OBJC_ARC = YES;
				CLANG_WARN_BOOL_CONVERSION = YES;
				CLANG_WARN_CONSTANT_CONVERSION = YES;
				CLANG_WARN_DIRECT_OBJC_ISA_USAGE = YES_ERROR;
				CLANG_WARN_EMPTY_BODY = YES;
				CLANG_WARN_ENUM_CONVERSION = YES;
				CLANG_WARN_INT_CONVERSION = YES;
				CLANG_WARN_OBJC_ROOT_CLASS = YES_ERROR;
				CLANG_WARN_UNREACHABLE_CODE = YES;
				CLANG_WARN__DUPLICATE_METHOD_MATCH = YES;
				"CODE_SIGN_IDENTITY[sdk=iphoneos*]" = "iPhone Developer";
				COPY_PHASE_STRIP = NO;
				ENABLE_STRICT_OBJC_MSGSEND = YES;
				GCC_C_LANGUAGE_STANDARD = gnu99;
				GCC_DYNAMIC_NO_PIC = NO;
				GCC_OPTIMIZATION_LEVEL = 0;
				GCC_PREPROCESSOR_DEFINITIONS = (
					"DEBUG=1",
					"$(inherited)",
				);
				GCC_SYMBOLS_PRIVATE_EXTERN = NO;
				GCC_WARN_64_TO_32_BIT_CONVERSION = YES;
				GCC_WARN_ABOUT_RETURN_TYPE = YES_ERROR;
				GCC_WARN_UNDECLARED_SELECTOR = YES;
				GCC_WARN_UNINITIALIZED_AUTOS = YES_AGGRESSIVE;
				GCC_WARN_UNUSED_FUNCTION = YES;
				GCC_WARN_UNUSED_VARIABLE = YES;
				IPHONEOS_DEPLOYMENT_TARGET = 8.1;
				MTL_ENABLE_DEBUG_INFO = YES;
				ONLY_ACTIVE_ARCH = YES;
				SDKROOT = iphoneos;
				SWIFT_OPTIMIZATION_LEVEL = "-Onone";
			};
			name = Debug;
		};
		F46BA8041A481B0D003D7C8E /* Release */ = {
			isa = XCBuildConfiguration;
			buildSettings = {
				ALWAYS_SEARCH_USER_PATHS = NO;
				CLANG_CXX_LANGUAGE_STANDARD = "gnu++0x";
				CLANG_CXX_LIBRARY = "libc++";
				CLANG_ENABLE_MODULES = YES;
				CLANG_ENABLE_OBJC_ARC = YES;
				CLANG_WARN_BOOL_CONVERSION = YES;
				CLANG_WARN_CONSTANT_CONVERSION = YES;
				CLANG_WARN_DIRECT_OBJC_ISA_USAGE = YES_ERROR;
				CLANG_WARN_EMPTY_BODY = YES;
				CLANG_WARN_ENUM_CONVERSION = YES;
				CLANG_WARN_INT_CONVERSION = YES;
				CLANG_WARN_OBJC_ROOT_CLASS = YES_ERROR;
				CLANG_WARN_UNREACHABLE_CODE = YES;
				CLANG_WARN__DUPLICATE_METHOD_MATCH = YES;
				"CODE_SIGN_IDENTITY[sdk=iphoneos*]" = "iPhone Developer";
				COPY_PHASE_STRIP = YES;
				ENABLE_NS_ASSERTIONS = NO;
				ENABLE_STRICT_OBJC_MSGSEND = YES;
				GCC_C_LANGUAGE_STANDARD = gnu99;
				GCC_WARN_64_TO_32_BIT_CONVERSION = YES;
				GCC_WARN_ABOUT_RETURN_TYPE = YES_ERROR;
				GCC_WARN_UNDECLARED_SELECTOR = YES;
				GCC_WARN_UNINITIALIZED_AUTOS = YES_AGGRESSIVE;
				GCC_WARN_UNUSED_FUNCTION = YES;
				GCC_WARN_UNUSED_VARIABLE = YES;
				IPHONEOS_DEPLOYMENT_TARGET = 8.1;
				MTL_ENABLE_DEBUG_INFO = NO;
				SDKROOT = iphoneos;
				VALIDATE_PRODUCT = YES;
			};
			name = Release;
		};
		F46BA8061A481B0D003D7C8E /* Debug */ = {
			isa = XCBuildConfiguration;
			buildSettings = {
				ASSETCATALOG_COMPILER_APPICON_NAME = AppIcon;
				INFOPLIST_FILE = GymDB/Info.plist;
				LD_RUNPATH_SEARCH_PATHS = "$(inherited) @executable_path/Frameworks";
				PRODUCT_NAME = "$(TARGET_NAME)";
				TARGETED_DEVICE_FAMILY = 1;
			};
			name = Debug;
		};
		F46BA8071A481B0D003D7C8E /* Release */ = {
			isa = XCBuildConfiguration;
			buildSettings = {
				ASSETCATALOG_COMPILER_APPICON_NAME = AppIcon;
				INFOPLIST_FILE = GymDB/Info.plist;
				LD_RUNPATH_SEARCH_PATHS = "$(inherited) @executable_path/Frameworks";
				PRODUCT_NAME = "$(TARGET_NAME)";
				TARGETED_DEVICE_FAMILY = 1;
			};
			name = Release;
		};
		F46BA8091A481B0D003D7C8E /* Debug */ = {
			isa = XCBuildConfiguration;
			buildSettings = {
				BUNDLE_LOADER = "$(TEST_HOST)";
				FRAMEWORK_SEARCH_PATHS = (
					"$(SDKROOT)/Developer/Library/Frameworks",
					"$(inherited)",
				);
				GCC_PREPROCESSOR_DEFINITIONS = (
					"DEBUG=1",
					"$(inherited)",
				);
				INFOPLIST_FILE = GymDBTests/Info.plist;
				LD_RUNPATH_SEARCH_PATHS = "$(inherited) @executable_path/Frameworks @loader_path/Frameworks";
				PRODUCT_NAME = "$(TARGET_NAME)";
				TEST_HOST = "$(BUILT_PRODUCTS_DIR)/GymDB.app/GymDB";
			};
			name = Debug;
		};
		F46BA80A1A481B0D003D7C8E /* Release */ = {
			isa = XCBuildConfiguration;
			buildSettings = {
				BUNDLE_LOADER = "$(TEST_HOST)";
				FRAMEWORK_SEARCH_PATHS = (
					"$(SDKROOT)/Developer/Library/Frameworks",
					"$(inherited)",
				);
				INFOPLIST_FILE = GymDBTests/Info.plist;
				LD_RUNPATH_SEARCH_PATHS = "$(inherited) @executable_path/Frameworks @loader_path/Frameworks";
				PRODUCT_NAME = "$(TARGET_NAME)";
				TEST_HOST = "$(BUILT_PRODUCTS_DIR)/GymDB.app/GymDB";
			};
			name = Release;
		};
/* End XCBuildConfiguration section */

/* Begin XCConfigurationList section */
		F46BA7DF1A481B0D003D7C8E /* Build configuration list for PBXProject "GymDB" */ = {
			isa = XCConfigurationList;
			buildConfigurations = (
				F46BA8031A481B0D003D7C8E /* Debug */,
				F46BA8041A481B0D003D7C8E /* Release */,
			);
			defaultConfigurationIsVisible = 0;
			defaultConfigurationName = Release;
		};
		F46BA8051A481B0D003D7C8E /* Build configuration list for PBXNativeTarget "GymDB" */ = {
			isa = XCConfigurationList;
			buildConfigurations = (
				F46BA8061A481B0D003D7C8E /* Debug */,
				F46BA8071A481B0D003D7C8E /* Release */,
			);
			defaultConfigurationIsVisible = 0;
			defaultConfigurationName = Release;
		};
		F46BA8081A481B0D003D7C8E /* Build configuration list for PBXNativeTarget "GymDBTests" */ = {
			isa = XCConfigurationList;
			buildConfigurations = (
				F46BA8091A481B0D003D7C8E /* Debug */,
				F46BA80A1A481B0D003D7C8E /* Release */,
			);
			defaultConfigurationIsVisible = 0;
			defaultConfigurationName = Release;
		};
/* End XCConfigurationList section */
	};
	rootObject = F46BA7DC1A481B0D003D7C8E /* Project object */;
}
